
Microsoft Visual Studio Solution File, Format Version 12.00
# Visual Studio Version 17
VisualStudioVersion = 17.3.32929.385
MinimumVisualStudioVersion = 10.0.40219.1
Project("{9A19103F-16F7-4668-BE54-9A1E7A4F7556}") = "YouShallNotPassBackend", ".\Api\YouShallNotPassBackend.csproj", "{9C9FE756-745F-4573-881E-CCBAB287F756}"
EndProject
Project("{9A19103F-16F7-4668-BE54-9A1E7A4F7556}") = "YouShallNotPassBackendUnitTests", ".\UnitTests\YouShallNotPassBackendUnitTests.csproj", "{9225EC9E-4152-4ACD-A992-D76D41E0CE7A}"
EndProject
Project("{9A19103F-16F7-4668-BE54-9A1E7A4F7556}") = "YouShallNotPassBackendApiTests", ".\ApiTests\YouShallNotPassBackendApiTests.csproj", "{9F661C58-65F8-4A85-AD2A-47980A567AA7}"
EndProject
Global
	GlobalSection(SolutionConfigurationPlatforms) = preSolution
		Debug|Any CPU = Debug|Any CPU
		Release|Any CPU = Release|Any CPU
	EndGlobalSection
	GlobalSection(ProjectConfigurationPlatforms) = postSolution
		{9C9FE756-745F-4573-881E-CCBAB287F756}.Debug|Any CPU.ActiveCfg = Debug|Any CPU
		{9C9FE756-745F-4573-881E-CCBAB287F756}.Debug|Any CPU.Build.0 = Debug|Any CPU
		{9C9FE756-745F-4573-881E-CCBAB287F756}.Release|Any CPU.ActiveCfg = Release|Any CPU
		{9C9FE756-745F-4573-881E-CCBAB287F756}.Release|Any CPU.Build.0 = Release|Any CPU
		{9225EC9E-4152-4ACD-A992-D76D41E0CE7A}.Debug|Any CPU.ActiveCfg = Debug|Any CPU
		{9225EC9E-4152-4ACD-A992-D76D41E0CE7A}.Debug|Any CPU.Build.0 = Debug|Any CPU
		{9225EC9E-4152-4ACD-A992-D76D41E0CE7A}.Release|Any CPU.ActiveCfg = Release|Any CPU
		{9225EC9E-4152-4ACD-A992-D76D41E0CE7A}.Release|Any CPU.Build.0 = Release|Any CPU
		{9F661C58-65F8-4A85-AD2A-47980A567AA7}.Debug|Any CPU.ActiveCfg = Debug|Any CPU
		{9F661C58-65F8-4A85-AD2A-47980A567AA7}.Debug|Any CPU.Build.0 = Debug|Any CPU
		{9F661C58-65F8-4A85-AD2A-47980A567AA7}.Release|Any CPU.ActiveCfg = Release|Any CPU
		{9F661C58-65F8-4A85-AD2A-47980A567AA7}.Release|Any CPU.Build.0 = Release|Any CPU
	EndGlobalSection
	GlobalSection(SolutionProperties) = preSolution
		HideSolutionNode = FALSE
	EndGlobalSection
	GlobalSection(ExtensibilityGlobals) = postSolution
		SolutionGuid = {71FA154C-AE5C-4275-83BA-241CFE1C70EA}
	EndGlobalSection
EndGlobal
